<?xml version="1.0" encoding="utf-8"?>
<Project ToolsVersion="4.0" xmlns="http://schemas.microsoft.com/developer/msbuild/2003">
  <ItemGroup>
    <Filter Include="Source">
      <UniqueIdentifier>{3b46dcff-b0ef-49ee-92a9-54283ec8e4cb}</UniqueIdentifier>
    </Filter>
  </ItemGroup>
  <ItemGroup>
    <ClCompile Include="Source\zluhcs_main.c">
      <Filter>Source</Filter>
    </ClCompile>
    <ClCompile Include="Source\zluhcs_eval.c">
      <Filter>Source</Filter>
    </ClCompile>
    <ClCompile Include="Source\zluhcs_util.c">
      <Filter>Source</Filter>
    </ClCompile>
    <ClCompile Include="Source\zluhcs_test.c">
      <Filter>Source</Filter>
    </ClCompile>
    <ClCompile Include="Source\zluhcs_find.c">
      <Filter>Source</Filter>
    </ClCompile>
    <ClCompile Include="Source\zluhcs_move.c">
      <Filter>Source</Filter>
    </ClCompile>
    <ClCompile Include="Source\zluhcs_init.c">
      <Filter>Source</Filter>
    </ClCompile>
  </ItemGroup>
  <ItemGroup>
    <ClInclude Include="Source\zluhcs_defs.h">
      <Filter>Source</Filter>
    </ClInclude>
  </ItemGroup>
</Project>